
Microsoft Visual Studio Solution File, Format Version 12.00
# Visual Studio Version 16
VisualStudioVersion = 16.0.29709.97
MinimumVisualStudioVersion = 10.0.40219.1
Project("{FAE04EC0-301F-11D3-BF4B-00C04F79EFBC}") = "SimpleArraySum", "SimpleArraySum\SimpleArraySum.csproj", "{8B7287B6-A858-42F9-A5E9-2BF02DA27CFA}"
EndProject
Global
	GlobalSection(SolutionConfigurationPlatforms) = preSolution
		Debug|Any CPU = Debug|Any CPU
		Release|Any CPU = Release|Any CPU
	EndGlobalSection
	GlobalSection(ProjectConfigurationPlatforms) = postSolution
		{8B7287B6-A858-42F9-A5E9-2BF02DA27CFA}.Debug|Any CPU.ActiveCfg = Debug|Any CPU
		{8B7287B6-A858-42F9-A5E9-2BF02DA27CFA}.Debug|Any CPU.Build.0 = Debug|Any CPU
		{8B7287B6-A858-42F9-A5E9-2BF02DA27CFA}.Release|Any CPU.ActiveCfg = Release|Any CPU
		{8B7287B6-A858-42F9-A5E9-2BF02DA27CFA}.Release|Any CPU.Build.0 = Release|Any CPU
	EndGlobalSection
	GlobalSection(SolutionProperties) = preSolution
		HideSolutionNode = FALSE
	EndGlobalSection
	GlobalSection(ExtensibilityGlobals) = postSolution
		SolutionGuid = {5A4F1E94-37AE-474F-B79E-CC19227500EF}
	EndGlobalSection
EndGlobal
